
Microsoft Visual Studio Solution File, Format Version 12.00
# Visual Studio Version 16
VisualStudioVersion = 16.0.30114.105
MinimumVisualStudioVersion = 10.0.40219.1
Project("{9A19103F-16F7-4668-BE54-9A1E7A4F7556}") = "PaludariumController.Core", "PaludariumController.Core\PaludariumController.Core.csproj", "{3DFB34F5-6639-42B4-9396-382C2F21E676}"
EndProject
Project("{9A19103F-16F7-4668-BE54-9A1E7A4F7556}") = "PaludariumController.WebApi", "PaludariumController.WebApi\PaludariumController.WebApi.csproj", "{1E64A26E-5FF4-4517-B0FC-E948049617C7}"
EndProject
Project("{9A19103F-16F7-4668-BE54-9A1E7A4F7556}") = "PaludariumController.InfraStructure", "PaludariumController.InfraStructure\PaludariumController.InfraStructure.csproj", "{C3BC9E71-1702-4C0F-BCCC-F33E9ED9FEF1}"
EndProject
Project("{FAE04EC0-301F-11D3-BF4B-00C04F79EFBC}") = "PaludariumController.Client.InfraStructure", "PaludariumController.Client.InfraStructure\PaludariumController.Client.InfraStructure.csproj", "{8D90C1F8-4ADC-4046-BC77-75C7DFF96D0B}"
EndProject
Project("{FAE04EC0-301F-11D3-BF4B-00C04F79EFBC}") = "PaludariumController.Client.Gui", "PaludariumController.Client.Gui\PaludariumController.Client.Gui.csproj", "{FB97F2FC-284A-4046-8221-FDAB416B6295}"
EndProject
Global
	GlobalSection(SolutionConfigurationPlatforms) = preSolution
		Debug|Any CPU = Debug|Any CPU
		Release|Any CPU = Release|Any CPU
	EndGlobalSection
	GlobalSection(ProjectConfigurationPlatforms) = postSolution
		{3DFB34F5-6639-42B4-9396-382C2F21E676}.Debug|Any CPU.ActiveCfg = Debug|Any CPU
		{3DFB34F5-6639-42B4-9396-382C2F21E676}.Debug|Any CPU.Build.0 = Debug|Any CPU
		{3DFB34F5-6639-42B4-9396-382C2F21E676}.Release|Any CPU.ActiveCfg = Release|Any CPU
		{3DFB34F5-6639-42B4-9396-382C2F21E676}.Release|Any CPU.Build.0 = Release|Any CPU
		{1E64A26E-5FF4-4517-B0FC-E948049617C7}.Debug|Any CPU.ActiveCfg = Debug|Any CPU
		{1E64A26E-5FF4-4517-B0FC-E948049617C7}.Debug|Any CPU.Build.0 = Debug|Any CPU
		{1E64A26E-5FF4-4517-B0FC-E948049617C7}.Release|Any CPU.ActiveCfg = Release|Any CPU
		{1E64A26E-5FF4-4517-B0FC-E948049617C7}.Release|Any CPU.Build.0 = Release|Any CPU
		{C3BC9E71-1702-4C0F-BCCC-F33E9ED9FEF1}.Debug|Any CPU.ActiveCfg = Debug|Any CPU
		{C3BC9E71-1702-4C0F-BCCC-F33E9ED9FEF1}.Debug|Any CPU.Build.0 = Debug|Any CPU
		{C3BC9E71-1702-4C0F-BCCC-F33E9ED9FEF1}.Release|Any CPU.ActiveCfg = Release|Any CPU
		{C3BC9E71-1702-4C0F-BCCC-F33E9ED9FEF1}.Release|Any CPU.Build.0 = Release|Any CPU
		{8D90C1F8-4ADC-4046-BC77-75C7DFF96D0B}.Debug|Any CPU.ActiveCfg = Debug|Any CPU
		{8D90C1F8-4ADC-4046-BC77-75C7DFF96D0B}.Debug|Any CPU.Build.0 = Debug|Any CPU
		{8D90C1F8-4ADC-4046-BC77-75C7DFF96D0B}.Release|Any CPU.ActiveCfg = Release|Any CPU
		{8D90C1F8-4ADC-4046-BC77-75C7DFF96D0B}.Release|Any CPU.Build.0 = Release|Any CPU
		{FB97F2FC-284A-4046-8221-FDAB416B6295}.Debug|Any CPU.ActiveCfg = Debug|Any CPU
		{FB97F2FC-284A-4046-8221-FDAB416B6295}.Debug|Any CPU.Build.0 = Debug|Any CPU
		{FB97F2FC-284A-4046-8221-FDAB416B6295}.Release|Any CPU.ActiveCfg = Release|Any CPU
		{FB97F2FC-284A-4046-8221-FDAB416B6295}.Release|Any CPU.Build.0 = Release|Any CPU
	EndGlobalSection
	GlobalSection(SolutionProperties) = preSolution
		HideSolutionNode = FALSE
	EndGlobalSection
	GlobalSection(ExtensibilityGlobals) = postSolution
		SolutionGuid = {3DD64457-AEB5-439B-BBAB-24E5E48F02C2}
	EndGlobalSection
EndGlobal
